Microsoft Visual Studio Solution File, Format Version 12.00
# Visual Studio Version 17
VisualStudioVersion = 17.5.2.0
MinimumVisualStudioVersion = 10.0.40219.1
Project("{FAE04EC0-301F-11D3-BF4B-00C04F79EFBC}") = "Aplicando a orientacao a objetos DESAFIO", "Aplicando a orientacao a objetos DESAFIO.csproj", "{70FAAFB0-175D-720B-A794-6402ED360109}"
EndProject
Global
	GlobalSection(SolutionConfigurationPlatforms) = preSolution
		Debug|Any CPU = Debug|Any CPU
		Release|Any CPU = Release|Any CPU
	EndGlobalSection
	GlobalSection(ProjectConfigurationPlatforms) = postSolution
		{70FAAFB0-175D-720B-A794-6402ED360109}.Debug|Any CPU.ActiveCfg = Debug|Any CPU
		{70FAAFB0-175D-720B-A794-6402ED360109}.Debug|Any CPU.Build.0 = Debug|Any CPU
		{70FAAFB0-175D-720B-A794-6402ED360109}.Release|Any CPU.ActiveCfg = Release|Any CPU
		{70FAAFB0-175D-720B-A794-6402ED360109}.Release|Any CPU.Build.0 = Release|Any CPU
	EndGlobalSection
	GlobalSection(SolutionProperties) = preSolution
		HideSolutionNode = FALSE
	EndGlobalSection
	GlobalSection(ExtensibilityGlobals) = postSolution
		SolutionGuid = {D5881BC7-5D1A-49EC-B73F-D175A12EA69C}
	EndGlobalSection
EndGlobal
